// !$*UTF8*$!
{
	archiveVersion = 1;
	classes = {
	};
	objectVersion = 50;
	objects = {

/* Begin PBXBuildFile section */
		3217D519212124D200136AD6 /* ChordPopupViewController.swift in Sources */ = {isa = PBXBuildFile; fileRef = 3217D518212124D200136AD6 /* ChordPopupViewController.swift */; };
		3217D51B212129A800136AD6 /* NotificationNameExtension.swift in Sources */ = {isa = PBXBuildFile; fileRef = 3217D51A212129A800136AD6 /* NotificationNameExtension.swift */; };
		326AB451211F7CFA009789EB /* AppDelegate.swift in Sources */ = {isa = PBXBuildFile; fileRef = 326AB450211F7CFA009789EB /* AppDelegate.swift */; };
		326AB453211F7CFA009789EB /* ViewController.swift in Sources */ = {isa = PBXBuildFile; fileRef = 326AB452211F7CFA009789EB /* ViewController.swift */; };
		326AB456211F7CFA009789EB /* Main.storyboard in Resources */ = {isa = PBXBuildFile; fileRef = 326AB454211F7CFA009789EB /* Main.storyboard */; };
		326AB458211F7CFB009789EB /* Assets.xcassets in Resources */ = {isa = PBXBuildFile; fileRef = 326AB457211F7CFB009789EB /* Assets.xcassets */; };
		326AB45B211F7CFB009789EB /* LaunchScreen.storyboard in Resources */ = {isa = PBXBuildFile; fileRef = 326AB459211F7CFB009789EB /* LaunchScreen.storyboard */; };
		327DCB5F2124CAD70003E4D3 /* SortByPopupViewController.swift in Sources */ = {isa = PBXBuildFile; fileRef = 327DCB5E2124CAD70003E4D3 /* SortByPopupViewController.swift */; };
		328394072120AECF002A099F /* Song.swift in Sources */ = {isa = PBXBuildFile; fileRef = 328394062120AECF002A099F /* Song.swift */; };
		328394092120B002002A099F /* Chords.swift in Sources */ = {isa = PBXBuildFile; fileRef = 328394082120B002002A099F /* Chords.swift */; };
		3283940B212119F4002A099F /* AddSongViewController.swift in Sources */ = {isa = PBXBuildFile; fileRef = 3283940A212119F4002A099F /* AddSongViewController.swift */; };
		32A4C8B021234EEF00BF3A01 /* AlertPopup.swift in Sources */ = {isa = PBXBuildFile; fileRef = 32A4C8AF21234EEF00BF3A01 /* AlertPopup.swift */; };
		32A4C8B221235D1200BF3A01 /* ViewSongViewController.swift in Sources */ = {isa = PBXBuildFile; fileRef = 32A4C8B121235D1200BF3A01 /* ViewSongViewController.swift */; };
		32BE4A5E2123A0A6008076A9 /* DiagramPopupViewController.swift in Sources */ = {isa = PBXBuildFile; fileRef = 32BE4A5D2123A0A6008076A9 /* DiagramPopupViewController.swift */; };
		32BE4A602123A2B2008076A9 /* ChordsViewViewController.swift in Sources */ = {isa = PBXBuildFile; fileRef = 32BE4A5F2123A2B2008076A9 /* ChordsViewViewController.swift */; };
/* End PBXBuildFile section */

/* Begin PBXFileReference section */
		3217D518212124D200136AD6 /* ChordPopupViewController.swift */ = {isa = PBXFileReference; lastKnownFileType = sourcecode.swift; path = ChordPopupViewController.swift; sourceTree = "<group>"; };
		3217D51A212129A800136AD6 /* NotificationNameExtension.swift */ = {isa = PBXFileReference; lastKnownFileType = sourcecode.swift; path = NotificationNameExtension.swift; sourceTree = "<group>"; };
		326AB44D211F7CFA009789EB /* GuitarChords.app */ = {isa = PBXFileReference; explicitFileType = wrapper.application; includeInIndex = 0; path = GuitarChords.app; sourceTree = BUILT_PRODUCTS_DIR; };
		326AB450211F7CFA009789EB /* AppDelegate.swift */ = {isa = PBXFileReference; lastKnownFileType = sourcecode.swift; path = AppDelegate.swift; sourceTree = "<group>"; };
		326AB452211F7CFA009789EB /* ViewController.swift */ = {isa = PBXFileReference; lastKnownFileType = sourcecode.swift; path = ViewController.swift; sourceTree = "<group>"; };
		326AB455211F7CFA009789EB /* Base */ = {isa = PBXFileReference; lastKnownFileType = file.storyboard; name = Base; path = Base.lproj/Main.storyboard; sourceTree = "<group>"; };
		326AB457211F7CFB009789EB /* Assets.xcassets */ = {isa = PBXFileReference; lastKnownFileType = folder.assetcatalog; path = Assets.xcassets; sourceTree = "<group>"; };
		326AB45A211F7CFB009789EB /* Base */ = {isa = PBXFileReference; lastKnownFileType = file.storyboard; name = Base; path = Base.lproj/LaunchScreen.storyboard; sourceTree = "<group>"; };
		326AB45C211F7CFB009789EB /* Info.plist */ = {isa = PBXFileReference; lastKnownFileType = text.plist.xml; path = Info.plist; sourceTree = "<group>"; };
		327DCB5E2124CAD70003E4D3 /* SortByPopupViewController.swift */ = {isa = PBXFileReference; lastKnownFileType = sourcecode.swift; path = SortByPopupViewController.swift; sourceTree = "<group>"; };
		328394062120AECF002A099F /* Song.swift */ = {isa = PBXFileReference; lastKnownFileType = sourcecode.swift; path = Song.swift; sourceTree = "<group>"; };
		328394082120B002002A099F /* Chords.swift */ = {isa = PBXFileReference; lastKnownFileType = sourcecode.swift; path = Chords.swift; sourceTree = "<group>"; };
		3283940A212119F4002A099F /* AddSongViewController.swift */ = {isa = PBXFileReference; lastKnownFileType = sourcecode.swift; path = AddSongViewController.swift; sourceTree = "<group>"; };
		32A4C8AF21234EEF00BF3A01 /* AlertPopup.swift */ = {isa = PBXFileReference; lastKnownFileType = sourcecode.swift; path = AlertPopup.swift; sourceTree = "<group>"; };
		32A4C8B121235D1200BF3A01 /* ViewSongViewController.swift */ = {isa = PBXFileReference; lastKnownFileType = sourcecode.swift; path = ViewSongViewController.swift; sourceTree = "<group>"; };
		32BE4A5D2123A0A6008076A9 /* DiagramPopupViewController.swift */ = {isa = PBXFileReference; lastKnownFileType = sourcecode.swift; path = DiagramPopupViewController.swift; sourceTree = "<group>"; };
		32BE4A5F2123A2B2008076A9 /* ChordsViewViewController.swift */ = {isa = PBXFileReference; lastKnownFileType = sourcecode.swift; path = ChordsViewViewController.swift; sourceTree = "<group>"; };
/* End PBXFileReference section */

/* Begin PBXFrameworksBuildPhase section */
		326AB44A211F7CFA009789EB /* Frameworks */ = {
			isa = PBXFrameworksBuildPhase;
			buildActionMask = 2147483647;
			files = (
			);
			runOnlyForDeploymentPostprocessing = 0;
		};
/* End PBXFrameworksBuildPhase section */

/* Begin PBXGroup section */
		326AB444211F7CFA009789EB = {
			isa = PBXGroup;
			children = (
				326AB44F211F7CFA009789EB /* GuitarChords */,
				326AB44E211F7CFA009789EB /* Products */,
			);
			sourceTree = "<group>";
		};
		326AB44E211F7CFA009789EB /* Products */ = {
			isa = PBXGroup;
			children = (
				326AB44D211F7CFA009789EB /* GuitarChords.app */,
			);
			name = Products;
			sourceTree = "<group>";
		};
		326AB44F211F7CFA009789EB /* GuitarChords */ = {
			isa = PBXGroup;
			children = (
				326AB450211F7CFA009789EB /* AppDelegate.swift */,
				326AB452211F7CFA009789EB /* ViewController.swift */,
				326AB454211F7CFA009789EB /* Main.storyboard */,
				326AB457211F7CFB009789EB /* Assets.xcassets */,
				326AB459211F7CFB009789EB /* LaunchScreen.storyboard */,
				326AB45C211F7CFB009789EB /* Info.plist */,
				328394062120AECF002A099F /* Song.swift */,
				328394082120B002002A099F /* Chords.swift */,
				3283940A212119F4002A099F /* AddSongViewController.swift */,
				3217D518212124D200136AD6 /* ChordPopupViewController.swift */,
				3217D51A212129A800136AD6 /* NotificationNameExtension.swift */,
				32A4C8AF21234EEF00BF3A01 /* AlertPopup.swift */,
				32A4C8B121235D1200BF3A01 /* ViewSongViewController.swift */,
				32BE4A5D2123A0A6008076A9 /* DiagramPopupViewController.swift */,
				32BE4A5F2123A2B2008076A9 /* ChordsViewViewController.swift */,
				327DCB5E2124CAD70003E4D3 /* SortByPopupViewController.swift */,
			);
			path = GuitarChords;
			sourceTree = "<group>";
		};
/* End PBXGroup section */

/* Begin PBXNativeTarget section */
		326AB44C211F7CFA009789EB /* GuitarChords */ = {
			isa = PBXNativeTarget;
			buildConfigurationList = 326AB45F211F7CFB009789EB /* Build configuration list for PBXNativeTarget "GuitarChords" */;
			buildPhases = (
				326AB449211F7CFA009789EB /* Sources */,
				326AB44A211F7CFA009789EB /* Frameworks */,
				326AB44B211F7CFA009789EB /* Resources */,
			);
			buildRules = (
			);
			dependencies = (
			);
			name = GuitarChords;
			productName = GuitarChords;
			productReference = 326AB44D211F7CFA009789EB /* GuitarChords.app */;
			productType = "com.apple.product-type.application";
		};
/* End PBXNativeTarget section */

/* Begin PBXProject section */
		326AB445211F7CFA009789EB /* Project object */ = {
			isa = PBXProject;
			attributes = {
				LastSwiftUpdateCheck = 0940;
				LastUpgradeCheck = 0940;
				ORGANIZATIONNAME = "Maya Asaoka";
				TargetAttributes = {
					326AB44C211F7CFA009789EB = {
						CreatedOnToolsVersion = 9.4.1;
					};
				};
			};
			buildConfigurationList = 326AB448211F7CFA009789EB /* Build configuration list for PBXProject "GuitarChords" */;
			compatibilityVersion = "Xcode 9.3";
			developmentRegion = en;
			hasScannedForEncodings = 0;
			knownRegions = (
				en,
				Base,
			);
			mainGroup = 326AB444211F7CFA009789EB;
			productRefGroup = 326AB44E211F7CFA009789EB /* Products */;
			projectDirPath = "";
			projectRoot = "";
			targets = (
				326AB44C211F7CFA009789EB /* GuitarChords */,
			);
		};
/* End PBXProject section */

/* Begin PBXResourcesBuildPhase section */
		326AB44B211F7CFA009789EB /* Resources */ = {
			isa = PBXResourcesBuildPhase;
			buildActionMask = 2147483647;
			files = (
				326AB45B211F7CFB009789EB /* LaunchScreen.storyboard in Resources */,
				326AB458211F7CFB009789EB /* Assets.xcassets in Resources */,
				326AB456211F7CFA009789EB /* Main.storyboard in Resources */,
			);
			runOnlyForDeploymentPostprocessing = 0;
		};
/* End PBXResourcesBuildPhase section */

/* Begin PBXSourcesBuildPhase section */
		326AB449211F7CFA009789EB /* Sources */ = {
			isa = PBXSourcesBuildPhase;
			buildActionMask = 2147483647;
			files = (
				327DCB5F2124CAD70003E4D3 /* SortByPopupViewController.swift in Sources */,
				32BE4A5E2123A0A6008076A9 /* DiagramPopupViewController.swift in Sources */,
				3217D51B212129A800136AD6 /* NotificationNameExtension.swift in Sources */,
				32BE4A602123A2B2008076A9 /* ChordsViewViewController.swift in Sources */,
				32A4C8B221235D1200BF3A01 /* ViewSongViewController.swift in Sources */,
				328394072120AECF002A099F /* Song.swift in Sources */,
				326AB453211F7CFA009789EB /* ViewController.swift in Sources */,
				3283940B212119F4002A099F /* AddSongViewController.swift in Sources */,
				328394092120B002002A099F /* Chords.swift in Sources */,
				326AB451211F7CFA009789EB /* AppDelegate.swift in Sources */,
				3217D519212124D200136AD6 /* ChordPopupViewController.swift in Sources */,
				32A4C8B021234EEF00BF3A01 /* AlertPopup.swift in Sources */,
			);
			runOnlyForDeploymentPostprocessing = 0;
		};
/* End PBXSourcesBuildPhase section */

/* Begin PBXVariantGroup section */
		326AB454211F7CFA009789EB /* Main.storyboard */ = {
			isa = PBXVariantGroup;
			children = (
				326AB455211F7CFA009789EB /* Base */,
			);
			name = Main.storyboard;
			sourceTree = "<group>";
		};
		326AB459211F7CFB009789EB /* LaunchScreen.storyboard */ = {
			isa = PBXVariantGroup;
			children = (
				326AB45A211F7CFB009789EB /* Base */,
			);
			name = LaunchScreen.storyboard;
			sourceTree = "<group>";
		};
/* End PBXVariantGroup section */

/* Begin XCBuildConfiguration section */
		326AB45D211F7CFB009789EB /* Debug */ = {
			isa = XCBuildConfiguration;
			buildSettings = {
				ALWAYS_SEARCH_USER_PATHS = NO;
				CLANG_ANALYZER_NONNULL = YES;
				CLANG_ANALYZER_NUMBER_OBJECT_CONVERSION = YES_AGGRESSIVE;
				CLANG_CXX_LANGUAGE_STANDARD = "gnu++14";
				CLANG_CXX_LIBRARY = "libc++";
				CLANG_ENABLE_MODULES = YES;
				CLANG_ENABLE_OBJC_ARC = YES;
				CLANG_ENABLE_OBJC_WEAK = YES;
				CLANG_WARN_BLOCK_CAPTURE_AUTORELEASING = YES;
				CLANG_WARN_BOOL_CONVERSION = YES;
				CLANG_WARN_COMMA = YES;
				CLANG_WARN_CONSTANT_CONVERSION = YES;
				CLANG_WARN_DEPRECATED_OBJC_IMPLEMENTATIONS = YES;
				CLANG_WARN_DIRECT_OBJC_ISA_USAGE = YES_ERROR;
				CLANG_WARN_DOCUMENTATION_COMMENTS = YES;
				CLANG_WARN_EMPTY_BODY = YES;
				CLANG_WARN_ENUM_CONVERSION = YES;
				CLANG_WARN_INFINITE_RECURSION = YES;
				CLANG_WARN_INT_CONVERSION = YES;
				CLANG_WARN_NON_LITERAL_NULL_CONVERSION = YES;
				CLANG_WARN_OBJC_IMPLICIT_RETAIN_SELF = YES;
				CLANG_WARN_OBJC_LITERAL_CONVERSION = YES;
				CLANG_WARN_OBJC_ROOT_CLASS = YES_ERROR;
				CLANG_WARN_RANGE_LOOP_ANALYSIS = YES;
				CLANG_WARN_STRICT_PROTOTYPES = YES;
				CLANG_WARN_SUSPICIOUS_MOVE = YES;
				CLANG_WARN_UNGUARDED_AVAILABILITY = YES_AGGRESSIVE;
				CLANG_WARN_UNREACHABLE_CODE = YES;
				CLANG_WARN__DUPLICATE_METHOD_MATCH = YES;
				CODE_SIGN_IDENTITY = "iPhone Developer";
				COPY_PHASE_STRIP = NO;
				DEBUG_INFORMATION_FORMAT = dwarf;
				ENABLE_STRICT_OBJC_MSGSEND = YES;
				ENABLE_TESTABILITY = YES;
				GCC_C_LANGUAGE_STANDARD = gnu11;
				GCC_DYNAMIC_NO_PIC = NO;
				GCC_NO_COMMON_BLOCKS = YES;
				GCC_OPTIMIZATION_LEVEL = 0;
				GCC_PREPROCESSOR_DEFINITIONS = (
					"DEBUG=1",
					"$(inherited)",
				);
				GCC_WARN_64_TO_32_BIT_CONVERSION = YES;
				GCC_WARN_ABOUT_RETURN_TYPE = YES_ERROR;
				GCC_WARN_UNDECLARED_SELECTOR = YES;
				GCC_WARN_UNINITIALIZED_AUTOS = YES_AGGRESSIVE;
				GCC_WARN_UNUSED_FUNCTION = YES;
				GCC_WARN_UNUSED_VARIABLE = YES;
				IPHONEOS_DEPLOYMENT_TARGET = 11.4;
				MTL_ENABLE_DEBUG_INFO = YES;
				ONLY_ACTIVE_ARCH = YES;
				SDKROOT = iphoneos;
				SWIFT_ACTIVE_COMPILATION_CONDITIONS = DEBUG;
				SWIFT_OPTIMIZATION_LEVEL = "-Onone";
			};
			name = Debug;
		};
		326AB45E211F7CFB009789EB /* Release */ = {
			isa = XCBuildConfiguration;
			buildSettings = {
				ALWAYS_SEARCH_USER_PATHS = NO;
				CLANG_ANALYZER_NONNULL = YES;
				CLANG_ANALYZER_NUMBER_OBJECT_CONVERSION = YES_AGGRESSIVE;
				CLANG_CXX_LANGUAGE_STANDARD = "gnu++14";
				CLANG_CXX_LIBRARY = "libc++";
				CLANG_ENABLE_MODULES = YES;
				CLANG_ENABLE_OBJC_ARC = YES;
				CLANG_ENABLE_OBJC_WEAK = YES;
				CLANG_WARN_BLOCK_CAPTURE_AUTORELEASING = YES;
				CLANG_WARN_BOOL_CONVERSION = YES;
				CLANG_WARN_COMMA = YES;
				CLANG_WARN_CONSTANT_CONVERSION = YES;
				CLANG_WARN_DEPRECATED_OBJC_IMPLEMENTATIONS = YES;
				CLANG_WARN_DIRECT_OBJC_ISA_USAGE = YES_ERROR;
				CLANG_WARN_DOCUMENTATION_COMMENTS = YES;
				CLANG_WARN_EMPTY_BODY = YES;
				CLANG_WARN_ENUM_CONVERSION = YES;
				CLANG_WARN_INFINITE_RECURSION = YES;
				CLANG_WARN_INT_CONVERSION = YES;
				CLANG_WARN_NON_LITERAL_NULL_CONVERSION = YES;
				CLANG_WARN_OBJC_IMPLICIT_RETAIN_SELF = YES;
				CLANG_WARN_OBJC_LITERAL_CONVERSION = YES;
				CLANG_WARN_OBJC_ROOT_CLASS = YES_ERROR;
				CLANG_WARN_RANGE_LOOP_ANALYSIS = YES;
				CLANG_WARN_STRICT_PROTOTYPES = YES;
				CLANG_WARN_SUSPICIOUS_MOVE = YES;
				CLANG_WARN_UNGUARDED_AVAILABILITY = YES_AGGRESSIVE;
				CLANG_WARN_UNREACHABLE_CODE = YES;
				CLANG_WARN__DUPLICATE_METHOD_MATCH = YES;
				CODE_SIGN_IDENTITY = "iPhone Developer";
				COPY_PHASE_STRIP = NO;
				DEBUG_INFORMATION_FORMAT = "dwarf-with-dsym";
				ENABLE_NS_ASSERTIONS = NO;
				ENABLE_STRICT_OBJC_MSGSEND = YES;
				GCC_C_LANGUAGE_STANDARD = gnu11;
				GCC_NO_COMMON_BLOCKS = YES;
				GCC_WARN_64_TO_32_BIT_CONVERSION = YES;
				GCC_WARN_ABOUT_RETURN_TYPE = YES_ERROR;
				GCC_WARN_UNDECLARED_SELECTOR = YES;
				GCC_WARN_UNINITIALIZED_AUTOS = YES_AGGRESSIVE;
				GCC_WARN_UNUSED_FUNCTION = YES;
				GCC_WARN_UNUSED_VARIABLE = YES;
				IPHONEOS_DEPLOYMENT_TARGET = 11.4;
				MTL_ENABLE_DEBUG_INFO = NO;
				SDKROOT = iphoneos;
				SWIFT_COMPILATION_MODE = wholemodule;
				SWIFT_OPTIMIZATION_LEVEL = "-O";
				VALIDATE_PRODUCT = YES;
			};
			name = Release;
		};
		326AB460211F7CFB009789EB /* Debug */ = {
			isa = XCBuildConfiguration;
			buildSettings = {
				ASSETCATALOG_COMPILER_APPICON_NAME = AppIcon;
				CODE_SIGN_STYLE = Automatic;
				DEVELOPMENT_TEAM = W4S46RCSQC;
				INFOPLIST_FILE = GuitarChords/Info.plist;
				LD_RUNPATH_SEARCH_PATHS = (
					"$(inherited)",
					"@executable_path/Frameworks",
				);
				PRODUCT_BUNDLE_IDENTIFIER = maya.GuitarChords;
				PRODUCT_NAME = "$(TARGET_NAME)";
				SWIFT_VERSION = 4.0;
				TARGETED_DEVICE_FAMILY = "1,2";
			};
			name = Debug;
		};
		326AB461211F7CFB009789EB /* Release */ = {
			isa = XCBuildConfiguration;
			buildSettings = {
				ASSETCATALOG_COMPILER_APPICON_NAME = AppIcon;
				CODE_SIGN_STYLE = Automatic;
				DEVELOPMENT_TEAM = W4S46RCSQC;
				INFOPLIST_FILE = GuitarChords/Info.plist;
				LD_RUNPATH_SEARCH_PATHS = (
					"$(inherited)",
					"@executable_path/Frameworks",
				);
				PRODUCT_BUNDLE_IDENTIFIER = maya.GuitarChords;
				PRODUCT_NAME = "$(TARGET_NAME)";
				SWIFT_VERSION = 4.0;
				TARGETED_DEVICE_FAMILY = "1,2";
			};
			name = Release;
		};
/* End XCBuildConfiguration section */

/* Begin XCConfigurationList section */
		326AB448211F7CFA009789EB /* Build configuration list for PBXProject "GuitarChords" */ = {
			isa = XCConfigurationList;
			buildConfigurations = (
				326AB45D211F7CFB009789EB /* Debug */,
				326AB45E211F7CFB009789EB /* Release */,
			);
			defaultConfigurationIsVisible = 0;
			defaultConfigurationName = Release;
		};
		326AB45F211F7CFB009789EB /* Build configuration list for PBXNativeTarget "GuitarChords" */ = {
			isa = XCConfigurationList;
			buildConfigurations = (
				326AB460211F7CFB009789EB /* Debug */,
				326AB461211F7CFB009789EB /* Release */,
			);
			defaultConfigurationIsVisible = 0;
			defaultConfigurationName = Release;
		};
/* End XCConfigurationList section */
	};
	rootObject = 326AB445211F7CFA009789EB /* Project object */;
}
